// !$*UTF8*$!
{
	archiveVersion = 1;
	classes = {
	};
	objectVersion = 50;
	objects = {

/* Begin PBXBuildFile section */
		6C3F3B81214915A400A8CDB6 /* AppDelegate.swift in Sources */ = {isa = PBXBuildFile; fileRef = 6C3F3B80214915A400A8CDB6 /* AppDelegate.swift */; };
		6C3F3B83214915A400A8CDB6 /* ViewController.swift in Sources */ = {isa = PBXBuildFile; fileRef = 6C3F3B82214915A400A8CDB6 /* ViewController.swift */; };
		6C3F3B86214915A400A8CDB6 /* Main.storyboard in Resources */ = {isa = PBXBuildFile; fileRef = 6C3F3B84214915A400A8CDB6 /* Main.storyboard */; };
		6C3F3B89214915A400A8CDB6 /* Adda247Faculty.xcdatamodeld in Sources */ = {isa = PBXBuildFile; fileRef = 6C3F3B87214915A400A8CDB6 /* Adda247Faculty.xcdatamodeld */; };
		6C3F3B8B214915A600A8CDB6 /* Assets.xcassets in Resources */ = {isa = PBXBuildFile; fileRef = 6C3F3B8A214915A600A8CDB6 /* Assets.xcassets */; };
		6C3F3B8E214915A600A8CDB6 /* LaunchScreen.storyboard in Resources */ = {isa = PBXBuildFile; fileRef = 6C3F3B8C214915A600A8CDB6 /* LaunchScreen.storyboard */; };
/* End PBXBuildFile section */

/* Begin PBXFileReference section */
		6C3F3B7D214915A400A8CDB6 /* Adda247Faculty.app */ = {isa = PBXFileReference; explicitFileType = wrapper.application; includeInIndex = 0; path = Adda247Faculty.app; sourceTree = BUILT_PRODUCTS_DIR; };
		6C3F3B80214915A400A8CDB6 /* AppDelegate.swift */ = {isa = PBXFileReference; lastKnownFileType = sourcecode.swift; path = AppDelegate.swift; sourceTree = "<group>"; };
		6C3F3B82214915A400A8CDB6 /* ViewController.swift */ = {isa = PBXFileReference; lastKnownFileType = sourcecode.swift; path = ViewController.swift; sourceTree = "<group>"; };
		6C3F3B85214915A400A8CDB6 /* Base */ = {isa = PBXFileReference; lastKnownFileType = file.storyboard; name = Base; path = Base.lproj/Main.storyboard; sourceTree = "<group>"; };
		6C3F3B88214915A400A8CDB6 /* Adda247Faculty.xcdatamodel */ = {isa = PBXFileReference; lastKnownFileType = wrapper.xcdatamodel; path = Adda247Faculty.xcdatamodel; sourceTree = "<group>"; };
		6C3F3B8A214915A600A8CDB6 /* Assets.xcassets */ = {isa = PBXFileReference; lastKnownFileType = folder.assetcatalog; path = Assets.xcassets; sourceTree = "<group>"; };
		6C3F3B8D214915A600A8CDB6 /* Base */ = {isa = PBXFileReference; lastKnownFileType = file.storyboard; name = Base; path = Base.lproj/LaunchScreen.storyboard; sourceTree = "<group>"; };
		6C3F3B8F214915A600A8CDB6 /* Info.plist */ = {isa = PBXFileReference; lastKnownFileType = text.plist.xml; path = Info.plist; sourceTree = "<group>"; };
/* End PBXFileReference section */

/* Begin PBXFrameworksBuildPhase section */
		6C3F3B7A214915A400A8CDB6 /* Frameworks */ = {
			isa = PBXFrameworksBuildPhase;
			buildActionMask = 2147483647;
			files = (
			);
			runOnlyForDeploymentPostprocessing = 0;
		};
/* End PBXFrameworksBuildPhase section */

/* Begin PBXGroup section */
		6C3F3B74214915A400A8CDB6 = {
			isa = PBXGroup;
			children = (
				6C3F3B7F214915A400A8CDB6 /* Adda247Faculty */,
				6C3F3B7E214915A400A8CDB6 /* Products */,
			);
			sourceTree = "<group>";
		};
		6C3F3B7E214915A400A8CDB6 /* Products */ = {
			isa = PBXGroup;
			children = (
				6C3F3B7D214915A400A8CDB6 /* Adda247Faculty.app */,
			);
			name = Products;
			sourceTree = "<group>";
		};
		6C3F3B7F214915A400A8CDB6 /* Adda247Faculty */ = {
			isa = PBXGroup;
			children = (
				6C3F3B80214915A400A8CDB6 /* AppDelegate.swift */,
				6C3F3B82214915A400A8CDB6 /* ViewController.swift */,
				6C3F3B84214915A400A8CDB6 /* Main.storyboard */,
				6C3F3B8A214915A600A8CDB6 /* Assets.xcassets */,
				6C3F3B8C214915A600A8CDB6 /* LaunchScreen.storyboard */,
				6C3F3B8F214915A600A8CDB6 /* Info.plist */,
				6C3F3B87214915A400A8CDB6 /* Adda247Faculty.xcdatamodeld */,
			);
			path = Adda247Faculty;
			sourceTree = "<group>";
		};
/* End PBXGroup section */

/* Begin PBXNativeTarget section */
		6C3F3B7C214915A400A8CDB6 /* Adda247Faculty */ = {
			isa = PBXNativeTarget;
			buildConfigurationList = 6C3F3B92214915A600A8CDB6 /* Build configuration list for PBXNativeTarget "Adda247Faculty" */;
			buildPhases = (
				6C3F3B79214915A400A8CDB6 /* Sources */,
				6C3F3B7A214915A400A8CDB6 /* Frameworks */,
				6C3F3B7B214915A400A8CDB6 /* Resources */,
			);
			buildRules = (
			);
			dependencies = (
			);
			name = Adda247Faculty;
			productName = Adda247Faculty;
			productReference = 6C3F3B7D214915A400A8CDB6 /* Adda247Faculty.app */;
			productType = "com.apple.product-type.application";
		};
/* End PBXNativeTarget section */

/* Begin PBXProject section */
		6C3F3B75214915A400A8CDB6 /* Project object */ = {
			isa = PBXProject;
			attributes = {
				LastSwiftUpdateCheck = 0940;
				LastUpgradeCheck = 0940;
				ORGANIZATIONNAME = Adda247;
				TargetAttributes = {
					6C3F3B7C214915A400A8CDB6 = {
						CreatedOnToolsVersion = 9.4.1;
					};
				};
			};
			buildConfigurationList = 6C3F3B78214915A400A8CDB6 /* Build configuration list for PBXProject "Adda247Faculty" */;
			compatibilityVersion = "Xcode 9.3";
			developmentRegion = en;
			hasScannedForEncodings = 0;
			knownRegions = (
				en,
				Base,
			);
			mainGroup = 6C3F3B74214915A400A8CDB6;
			productRefGroup = 6C3F3B7E214915A400A8CDB6 /* Products */;
			projectDirPath = "";
			projectRoot = "";
			targets = (
				6C3F3B7C214915A400A8CDB6 /* Adda247Faculty */,
			);
		};
/* End PBXProject section */

/* Begin PBXResourcesBuildPhase section */
		6C3F3B7B214915A400A8CDB6 /* Resources */ = {
			isa = PBXResourcesBuildPhase;
			buildActionMask = 2147483647;
			files = (
				6C3F3B8E214915A600A8CDB6 /* LaunchScreen.storyboard in Resources */,
				6C3F3B8B214915A600A8CDB6 /* Assets.xcassets in Resources */,
				6C3F3B86214915A400A8CDB6 /* Main.storyboard in Resources */,
			);
			runOnlyForDeploymentPostprocessing = 0;
		};
/* End PBXResourcesBuildPhase section */

/* Begin PBXSourcesBuildPhase section */
		6C3F3B79214915A400A8CDB6 /* Sources */ = {
			isa = PBXSourcesBuildPhase;
			buildActionMask = 2147483647;
			files = (
				6C3F3B83214915A400A8CDB6 /* ViewController.swift in Sources */,
				6C3F3B81214915A400A8CDB6 /* AppDelegate.swift in Sources */,
				6C3F3B89214915A400A8CDB6 /* Adda247Faculty.xcdatamodeld in Sources */,
			);
			runOnlyForDeploymentPostprocessing = 0;
		};
/* End PBXSourcesBuildPhase section */

/* Begin PBXVariantGroup section */
		6C3F3B84214915A400A8CDB6 /* Main.storyboard */ = {
			isa = PBXVariantGroup;
			children = (
				6C3F3B85214915A400A8CDB6 /* Base */,
			);
			name = Main.storyboard;
			sourceTree = "<group>";
		};
		6C3F3B8C214915A600A8CDB6 /* LaunchScreen.storyboard */ = {
			isa = PBXVariantGroup;
			children = (
				6C3F3B8D214915A600A8CDB6 /* Base */,
			);
			name = LaunchScreen.storyboard;
			sourceTree = "<group>";
		};
/* End PBXVariantGroup section */

/* Begin XCBuildConfiguration section */
		6C3F3B90214915A600A8CDB6 /* Debug */ = {
			isa = XCBuildConfiguration;
			buildSettings = {
				ALWAYS_SEARCH_USER_PATHS = NO;
				CLANG_ANALYZER_NONNULL = YES;
				CLANG_ANALYZER_NUMBER_OBJECT_CONVERSION = YES_AGGRESSIVE;
				CLANG_CXX_LANGUAGE_STANDARD = "gnu++14";
				CLANG_CXX_LIBRARY = "libc++";
				CLANG_ENABLE_MODULES = YES;
				CLANG_ENABLE_OBJC_ARC = YES;
				CLANG_ENABLE_OBJC_WEAK = YES;
				CLANG_WARN_BLOCK_CAPTURE_AUTORELEASING = YES;
				CLANG_WARN_BOOL_CONVERSION = YES;
				CLANG_WARN_COMMA = YES;
				CLANG_WARN_CONSTANT_CONVERSION = YES;
				CLANG_WARN_DEPRECATED_OBJC_IMPLEMENTATIONS = YES;
				CLANG_WARN_DIRECT_OBJC_ISA_USAGE = YES_ERROR;
				CLANG_WARN_DOCUMENTATION_COMMENTS = YES;
				CLANG_WARN_EMPTY_BODY = YES;
				CLANG_WARN_ENUM_CONVERSION = YES;
				CLANG_WARN_INFINITE_RECURSION = YES;
				CLANG_WARN_INT_CONVERSION = YES;
				CLANG_WARN_NON_LITERAL_NULL_CONVERSION = YES;
				CLANG_WARN_OBJC_IMPLICIT_RETAIN_SELF = YES;
				CLANG_WARN_OBJC_LITERAL_CONVERSION = YES;
				CLANG_WARN_OBJC_ROOT_CLASS = YES_ERROR;
				CLANG_WARN_RANGE_LOOP_ANALYSIS = YES;
				CLANG_WARN_STRICT_PROTOTYPES = YES;
				CLANG_WARN_SUSPICIOUS_MOVE = YES;
				CLANG_WARN_UNGUARDED_AVAILABILITY = YES_AGGRESSIVE;
				CLANG_WARN_UNREACHABLE_CODE = YES;
				CLANG_WARN__DUPLICATE_METHOD_MATCH = YES;
				CODE_SIGN_IDENTITY = "iPhone Developer";
				COPY_PHASE_STRIP = NO;
				DEBUG_INFORMATION_FORMAT = dwarf;
				ENABLE_STRICT_OBJC_MSGSEND = YES;
				ENABLE_TESTABILITY = YES;
				GCC_C_LANGUAGE_STANDARD = gnu11;
				GCC_DYNAMIC_NO_PIC = NO;
				GCC_NO_COMMON_BLOCKS = YES;
				GCC_OPTIMIZATION_LEVEL = 0;
				GCC_PREPROCESSOR_DEFINITIONS = (
					"DEBUG=1",
					"$(inherited)",
				);
				GCC_WARN_64_TO_32_BIT_CONVERSION = YES;
				GCC_WARN_ABOUT_RETURN_TYPE = YES_ERROR;
				GCC_WARN_UNDECLARED_SELECTOR = YES;
				GCC_WARN_UNINITIALIZED_AUTOS = YES_AGGRESSIVE;
				GCC_WARN_UNUSED_FUNCTION = YES;
				GCC_WARN_UNUSED_VARIABLE = YES;
				IPHONEOS_DEPLOYMENT_TARGET = 11.4;
				MTL_ENABLE_DEBUG_INFO = YES;
				ONLY_ACTIVE_ARCH = YES;
				SDKROOT = iphoneos;
				SWIFT_ACTIVE_COMPILATION_CONDITIONS = DEBUG;
				SWIFT_OPTIMIZATION_LEVEL = "-Onone";
			};
			name = Debug;
		};
		6C3F3B91214915A600A8CDB6 /* Release */ = {
			isa = XCBuildConfiguration;
			buildSettings = {
				ALWAYS_SEARCH_USER_PATHS = NO;
				CLANG_ANALYZER_NONNULL = YES;
				CLANG_ANALYZER_NUMBER_OBJECT_CONVERSION = YES_AGGRESSIVE;
				CLANG_CXX_LANGUAGE_STANDARD = "gnu++14";
				CLANG_CXX_LIBRARY = "libc++";
				CLANG_ENABLE_MODULES = YES;
				CLANG_ENABLE_OBJC_ARC = YES;
				CLANG_ENABLE_OBJC_WEAK = YES;
				CLANG_WARN_BLOCK_CAPTURE_AUTORELEASING = YES;
				CLANG_WARN_BOOL_CONVERSION = YES;
				CLANG_WARN_COMMA = YES;
				CLANG_WARN_CONSTANT_CONVERSION = YES;
				CLANG_WARN_DEPRECATED_OBJC_IMPLEMENTATIONS = YES;
				CLANG_WARN_DIRECT_OBJC_ISA_USAGE = YES_ERROR;
				CLANG_WARN_DOCUMENTATION_COMMENTS = YES;
				CLANG_WARN_EMPTY_BODY = YES;
				CLANG_WARN_ENUM_CONVERSION = YES;
				CLANG_WARN_INFINITE_RECURSION = YES;
				CLANG_WARN_INT_CONVERSION = YES;
				CLANG_WARN_NON_LITERAL_NULL_CONVERSION = YES;
				CLANG_WARN_OBJC_IMPLICIT_RETAIN_SELF = YES;
				CLANG_WARN_OBJC_LITERAL_CONVERSION = YES;
				CLANG_WARN_OBJC_ROOT_CLASS = YES_ERROR;
				CLANG_WARN_RANGE_LOOP_ANALYSIS = YES;
				CLANG_WARN_STRICT_PROTOTYPES = YES;
				CLANG_WARN_SUSPICIOUS_MOVE = YES;
				CLANG_WARN_UNGUARDED_AVAILABILITY = YES_AGGRESSIVE;
				CLANG_WARN_UNREACHABLE_CODE = YES;
				CLANG_WARN__DUPLICATE_METHOD_MATCH = YES;
				CODE_SIGN_IDENTITY = "iPhone Developer";
				COPY_PHASE_STRIP = NO;
				DEBUG_INFORMATION_FORMAT = "dwarf-with-dsym";
				ENABLE_NS_ASSERTIONS = NO;
				ENABLE_STRICT_OBJC_MSGSEND = YES;
				GCC_C_LANGUAGE_STANDARD = gnu11;
				GCC_NO_COMMON_BLOCKS = YES;
				GCC_WARN_64_TO_32_BIT_CONVERSION = YES;
				GCC_WARN_ABOUT_RETURN_TYPE = YES_ERROR;
				GCC_WARN_UNDECLARED_SELECTOR = YES;
				GCC_WARN_UNINITIALIZED_AUTOS = YES_AGGRESSIVE;
				GCC_WARN_UNUSED_FUNCTION = YES;
				GCC_WARN_UNUSED_VARIABLE = YES;
				IPHONEOS_DEPLOYMENT_TARGET = 11.4;
				MTL_ENABLE_DEBUG_INFO = NO;
				SDKROOT = iphoneos;
				SWIFT_COMPILATION_MODE = wholemodule;
				SWIFT_OPTIMIZATION_LEVEL = "-O";
				VALIDATE_PRODUCT = YES;
			};
			name = Release;
		};
		6C3F3B93214915A600A8CDB6 /* Debug */ = {
			isa = XCBuildConfiguration;
			buildSettings = {
				ASSETCATALOG_COMPILER_APPICON_NAME = AppIcon;
				CODE_SIGN_STYLE = Automatic;
				DEVELOPMENT_TEAM = 84Q9U867KV;
				INFOPLIST_FILE = Adda247Faculty/Info.plist;
				LD_RUNPATH_SEARCH_PATHS = (
					"$(inherited)",
					"@executable_path/Frameworks",
				);
				PRODUCT_BUNDLE_IDENTIFIER = Adda247.Adda247Faculty;
				PRODUCT_NAME = "$(TARGET_NAME)";
				SWIFT_VERSION = 4.0;
				TARGETED_DEVICE_FAMILY = "1,2";
			};
			name = Debug;
		};
		6C3F3B94214915A600A8CDB6 /* Release */ = {
			isa = XCBuildConfiguration;
			buildSettings = {
				ASSETCATALOG_COMPILER_APPICON_NAME = AppIcon;
				CODE_SIGN_STYLE = Automatic;
				DEVELOPMENT_TEAM = 84Q9U867KV;
				INFOPLIST_FILE = Adda247Faculty/Info.plist;
				LD_RUNPATH_SEARCH_PATHS = (
					"$(inherited)",
					"@executable_path/Frameworks",
				);
				PRODUCT_BUNDLE_IDENTIFIER = Adda247.Adda247Faculty;
				PRODUCT_NAME = "$(TARGET_NAME)";
				SWIFT_VERSION = 4.0;
				TARGETED_DEVICE_FAMILY = "1,2";
			};
			name = Release;
		};
/* End XCBuildConfiguration section */

/* Begin XCConfigurationList section */
		6C3F3B78214915A400A8CDB6 /* Build configuration list for PBXProject "Adda247Faculty" */ = {
			isa = XCConfigurationList;
			buildConfigurations = (
				6C3F3B90214915A600A8CDB6 /* Debug */,
				6C3F3B91214915A600A8CDB6 /* Release */,
			);
			defaultConfigurationIsVisible = 0;
			defaultConfigurationName = Release;
		};
		6C3F3B92214915A600A8CDB6 /* Build configuration list for PBXNativeTarget "Adda247Faculty" */ = {
			isa = XCConfigurationList;
			buildConfigurations = (
				6C3F3B93214915A600A8CDB6 /* Debug */,
				6C3F3B94214915A600A8CDB6 /* Release */,
			);
			defaultConfigurationIsVisible = 0;
			defaultConfigurationName = Release;
		};
/* End XCConfigurationList section */

/* Begin XCVersionGroup section */
		6C3F3B87214915A400A8CDB6 /* Adda247Faculty.xcdatamodeld */ = {
			isa = XCVersionGroup;
			children = (
				6C3F3B88214915A400A8CDB6 /* Adda247Faculty.xcdatamodel */,
			);
			currentVersion = 6C3F3B88214915A400A8CDB6 /* Adda247Faculty.xcdatamodel */;
			path = Adda247Faculty.xcdatamodeld;
			sourceTree = "<group>";
			versionGroupType = wrapper.xcdatamodel;
		};
/* End XCVersionGroup section */
	};
	rootObject = 6C3F3B75214915A400A8CDB6 /* Project object */;
}
